
Microsoft Visual Studio Solution File, Format Version 12.00
# Visual Studio Version 17
VisualStudioVersion = 17.8.34309.116
MinimumVisualStudioVersion = 10.0.40219.1
Project("{2150E333-8FDC-42A3-9474-1A3956D46DE8}") = "src", "src", "{C8CB7E13-6EF9-4E65-8081-ED40511C1449}"
EndProject
Project("{2150E333-8FDC-42A3-9474-1A3956D46DE8}") = "Services", "Services", "{9A0DB33A-D1BD-435C-BB6D-4E77BAF5BA5D}"
EndProject
Project("{2150E333-8FDC-42A3-9474-1A3956D46DE8}") = "ProductService", "ProductService", "{AE1AC601-D5AE-4584-83FF-E065AC8880E6}"
EndProject
Project("{2150E333-8FDC-42A3-9474-1A3956D46DE8}") = "CorePackages", "CorePackages", "{11944743-086C-4696-ADE2-F5BF101E9C56}"
EndProject
Project("{FAE04EC0-301F-11D3-BF4B-00C04F79EFBC}") = "CorePackages.Persistance", "src\CorePackages\CorePackages.Persistance\CorePackages.Persistance.csproj", "{1664E99E-F992-4A9D-A4C3-4A1DF9FD5587}"
EndProject
Project("{FAE04EC0-301F-11D3-BF4B-00C04F79EFBC}") = "ProductService.Domain", "src\Services\ProductService\ProductService.Domain\ProductService.Domain.csproj", "{B3A5F973-77D0-45B2-AEE1-C6B30C67DD59}"
EndProject
Global
	GlobalSection(SolutionConfigurationPlatforms) = preSolution
		Debug|Any CPU = Debug|Any CPU
		Release|Any CPU = Release|Any CPU
	EndGlobalSection
	GlobalSection(ProjectConfigurationPlatforms) = postSolution
		{1664E99E-F992-4A9D-A4C3-4A1DF9FD5587}.Debug|Any CPU.ActiveCfg = Debug|Any CPU
		{1664E99E-F992-4A9D-A4C3-4A1DF9FD5587}.Debug|Any CPU.Build.0 = Debug|Any CPU
		{1664E99E-F992-4A9D-A4C3-4A1DF9FD5587}.Release|Any CPU.ActiveCfg = Release|Any CPU
		{1664E99E-F992-4A9D-A4C3-4A1DF9FD5587}.Release|Any CPU.Build.0 = Release|Any CPU
		{B3A5F973-77D0-45B2-AEE1-C6B30C67DD59}.Debug|Any CPU.ActiveCfg = Debug|Any CPU
		{B3A5F973-77D0-45B2-AEE1-C6B30C67DD59}.Debug|Any CPU.Build.0 = Debug|Any CPU
		{B3A5F973-77D0-45B2-AEE1-C6B30C67DD59}.Release|Any CPU.ActiveCfg = Release|Any CPU
		{B3A5F973-77D0-45B2-AEE1-C6B30C67DD59}.Release|Any CPU.Build.0 = Release|Any CPU
	EndGlobalSection
	GlobalSection(SolutionProperties) = preSolution
		HideSolutionNode = FALSE
	EndGlobalSection
	GlobalSection(NestedProjects) = preSolution
		{9A0DB33A-D1BD-435C-BB6D-4E77BAF5BA5D} = {C8CB7E13-6EF9-4E65-8081-ED40511C1449}
		{AE1AC601-D5AE-4584-83FF-E065AC8880E6} = {9A0DB33A-D1BD-435C-BB6D-4E77BAF5BA5D}
		{11944743-086C-4696-ADE2-F5BF101E9C56} = {C8CB7E13-6EF9-4E65-8081-ED40511C1449}
		{1664E99E-F992-4A9D-A4C3-4A1DF9FD5587} = {11944743-086C-4696-ADE2-F5BF101E9C56}
		{B3A5F973-77D0-45B2-AEE1-C6B30C67DD59} = {AE1AC601-D5AE-4584-83FF-E065AC8880E6}
	EndGlobalSection
	GlobalSection(ExtensibilityGlobals) = postSolution
		SolutionGuid = {07B04B67-8B0F-4449-AD3D-447704B2D602}
	EndGlobalSection
EndGlobal
